// !$*UTF8*$!
{
	archiveVersion = 1;
	classes = {
	};
	objectVersion = 77;
	objects = {

/* Begin PBXContainerItemProxy section */
		590FA84D2DF4889E00FCC837 /* PBXContainerItemProxy */ = {
			isa = PBXContainerItemProxy;
			containerPortal = 590FA8372DF4889C00FCC837 /* Project object */;
			proxyType = 1;
			remoteGlobalIDString = 590FA83E2DF4889C00FCC837;
			remoteInfo = HikingSurvey;
		};
		590FA8572DF4889E00FCC837 /* PBXContainerItemProxy */ = {
			isa = PBXContainerItemProxy;
			containerPortal = 590FA8372DF4889C00FCC837 /* Project object */;
			proxyType = 1;
			remoteGlobalIDString = 590FA83E2DF4889C00FCC837;
			remoteInfo = HikingSurvey;
		};
/* End PBXContainerItemProxy section */

/* Begin PBXFileReference section */
		590FA83F2DF4889C00FCC837 /* HikingSurvey.app */ = {isa = PBXFileReference; explicitFileType = wrapper.application; includeInIndex = 0; path = HikingSurvey.app; sourceTree = BUILT_PRODUCTS_DIR; };
		590FA84C2DF4889E00FCC837 /* HikingSurveyTests.xctest */ = {isa = PBXFileReference; explicitFileType = wrapper.cfbundle; includeInIndex = 0; path = HikingSurveyTests.xctest; sourceTree = BUILT_PRODUCTS_DIR; };
		590FA8562DF4889E00FCC837 /* HikingSurveyUITests.xctest */ = {isa = PBXFileReference; explicitFileType = wrapper.cfbundle; includeInIndex = 0; path = HikingSurveyUITests.xctest; sourceTree = BUILT_PRODUCTS_DIR; };
/* End PBXFileReference section */

/* Begin PBXFileSystemSynchronizedRootGroup section */
		590FA8412DF4889C00FCC837 /* HikingSurvey */ = {
			isa = PBXFileSystemSynchronizedRootGroup;
			path = HikingSurvey;
			sourceTree = "<group>";
		};
		590FA84F2DF4889E00FCC837 /* HikingSurveyTests */ = {
			isa = PBXFileSystemSynchronizedRootGroup;
			path = HikingSurveyTests;
			sourceTree = "<group>";
		};
		590FA8592DF4889E00FCC837 /* HikingSurveyUITests */ = {
			isa = PBXFileSystemSynchronizedRootGroup;
			path = HikingSurveyUITests;
			sourceTree = "<group>";
		};
/* End PBXFileSystemSynchronizedRootGroup section */

/* Begin PBXFrameworksBuildPhase section */
		590FA83C2DF4889C00FCC837 /* Frameworks */ = {
			isa = PBXFrameworksBuildPhase;
			buildActionMask = 2147483647;
			files = (
			);
			runOnlyForDeploymentPostprocessing = 0;
		};
		590FA8492DF4889E00FCC837 /* Frameworks */ = {
			isa = PBXFrameworksBuildPhase;
			buildActionMask = 2147483647;
			files = (
			);
			runOnlyForDeploymentPostprocessing = 0;
		};
		590FA8532DF4889E00FCC837 /* Frameworks */ = {
			isa = PBXFrameworksBuildPhase;
			buildActionMask = 2147483647;
			files = (
			);
			runOnlyForDeploymentPostprocessing = 0;
		};
/* End PBXFrameworksBuildPhase section */

/* Begin PBXGroup section */
		590FA8362DF4889C00FCC837 = {
			isa = PBXGroup;
			children = (
				590FA8412DF4889C00FCC837 /* HikingSurvey */,
				590FA84F2DF4889E00FCC837 /* HikingSurveyTests */,
				590FA8592DF4889E00FCC837 /* HikingSurveyUITests */,
				590FA8402DF4889C00FCC837 /* Products */,
			);
			sourceTree = "<group>";
		};
		590FA8402DF4889C00FCC837 /* Products */ = {
			isa = PBXGroup;
			children = (
				590FA83F2DF4889C00FCC837 /* HikingSurvey.app */,
				590FA84C2DF4889E00FCC837 /* HikingSurveyTests.xctest */,
				590FA8562DF4889E00FCC837 /* HikingSurveyUITests.xctest */,
			);
			name = Products;
			sourceTree = "<group>";
		};
/* End PBXGroup section */

/* Begin PBXNativeTarget section */
		590FA83E2DF4889C00FCC837 /* HikingSurvey */ = {
			isa = PBXNativeTarget;
			buildConfigurationList = 590FA8602DF4889E00FCC837 /* Build configuration list for PBXNativeTarget "HikingSurvey" */;
			buildPhases = (
				590FA83B2DF4889C00FCC837 /* Sources */,
				590FA83C2DF4889C00FCC837 /* Frameworks */,
				590FA83D2DF4889C00FCC837 /* Resources */,
			);
			buildRules = (
			);
			dependencies = (
			);
			fileSystemSynchronizedGroups = (
				590FA8412DF4889C00FCC837 /* HikingSurvey */,
			);
			name = HikingSurvey;
			packageProductDependencies = (
			);
			productName = HikingSurvey;
			productReference = 590FA83F2DF4889C00FCC837 /* HikingSurvey.app */;
			productType = "com.apple.product-type.application";
		};
		590FA84B2DF4889E00FCC837 /* HikingSurveyTests */ = {
			isa = PBXNativeTarget;
			buildConfigurationList = 590FA8632DF4889E00FCC837 /* Build configuration list for PBXNativeTarget "HikingSurveyTests" */;
			buildPhases = (
				590FA8482DF4889E00FCC837 /* Sources */,
				590FA8492DF4889E00FCC837 /* Frameworks */,
				590FA84A2DF4889E00FCC837 /* Resources */,
			);
			buildRules = (
			);
			dependencies = (
				590FA84E2DF4889E00FCC837 /* PBXTargetDependency */,
			);
			fileSystemSynchronizedGroups = (
				590FA84F2DF4889E00FCC837 /* HikingSurveyTests */,
			);
			name = HikingSurveyTests;
			packageProductDependencies = (
			);
			productName = HikingSurveyTests;
			productReference = 590FA84C2DF4889E00FCC837 /* HikingSurveyTests.xctest */;
			productType = "com.apple.product-type.bundle.unit-test";
		};
		590FA8552DF4889E00FCC837 /* HikingSurveyUITests */ = {
			isa = PBXNativeTarget;
			buildConfigurationList = 590FA8662DF4889E00FCC837 /* Build configuration list for PBXNativeTarget "HikingSurveyUITests" */;
			buildPhases = (
				590FA8522DF4889E00FCC837 /* Sources */,
				590FA8532DF4889E00FCC837 /* Frameworks */,
				590FA8542DF4889E00FCC837 /* Resources */,
			);
			buildRules = (
			);
			dependencies = (
				590FA8582DF4889E00FCC837 /* PBXTargetDependency */,
			);
			fileSystemSynchronizedGroups = (
				590FA8592DF4889E00FCC837 /* HikingSurveyUITests */,
			);
			name = HikingSurveyUITests;
			packageProductDependencies = (
			);
			productName = HikingSurveyUITests;
			productReference = 590FA8562DF4889E00FCC837 /* HikingSurveyUITests.xctest */;
			productType = "com.apple.product-type.bundle.ui-testing";
		};
/* End PBXNativeTarget section */

/* Begin PBXProject section */
		590FA8372DF4889C00FCC837 /* Project object */ = {
			isa = PBXProject;
			attributes = {
				BuildIndependentTargetsInParallel = 1;
				LastSwiftUpdateCheck = 1640;
				LastUpgradeCheck = 1640;
				TargetAttributes = {
					590FA83E2DF4889C00FCC837 = {
						CreatedOnToolsVersion = 16.4;
					};
					590FA84B2DF4889E00FCC837 = {
						CreatedOnToolsVersion = 16.4;
						TestTargetID = 590FA83E2DF4889C00FCC837;
					};
					590FA8552DF4889E00FCC837 = {
						CreatedOnToolsVersion = 16.4;
						TestTargetID = 590FA83E2DF4889C00FCC837;
					};
				};
			};
			buildConfigurationList = 590FA83A2DF4889C00FCC837 /* Build configuration list for PBXProject "HikingSurvey" */;
			developmentRegion = en;
			hasScannedForEncodings = 0;
			knownRegions = (
				en,
				Base,
			);
			mainGroup = 590FA8362DF4889C00FCC837;
			minimizedProjectReferenceProxies = 1;
			preferredProjectObjectVersion = 77;
			productRefGroup = 590FA8402DF4889C00FCC837 /* Products */;
			projectDirPath = "";
			projectRoot = "";
			targets = (
				590FA83E2DF4889C00FCC837 /* HikingSurvey */,
				590FA84B2DF4889E00FCC837 /* HikingSurveyTests */,
				590FA8552DF4889E00FCC837 /* HikingSurveyUITests */,
			);
		};
/* End PBXProject section */

/* Begin PBXResourcesBuildPhase section */
		590FA83D2DF4889C00FCC837 /* Resources */ = {
			isa = PBXResourcesBuildPhase;
			buildActionMask = 2147483647;
			files = (
			);
			runOnlyForDeploymentPostprocessing = 0;
		};
		590FA84A2DF4889E00FCC837 /* Resources */ = {
			isa = PBXResourcesBuildPhase;
			buildActionMask = 2147483647;
			files = (
			);
			runOnlyForDeploymentPostprocessing = 0;
		};
		590FA8542DF4889E00FCC837 /* Resources */ = {
			isa = PBXResourcesBuildPhase;
			buildActionMask = 2147483647;
			files = (
			);
			runOnlyForDeploymentPostprocessing = 0;
		};
/* End PBXResourcesBuildPhase section */

/* Begin PBXSourcesBuildPhase section */
		590FA83B2DF4889C00FCC837 /* Sources */ = {
			isa = PBXSourcesBuildPhase;
			buildActionMask = 2147483647;
			files = (
			);
			runOnlyForDeploymentPostprocessing = 0;
		};
		590FA8482DF4889E00FCC837 /* Sources */ = {
			isa = PBXSourcesBuildPhase;
			buildActionMask = 2147483647;
			files = (
			);
			runOnlyForDeploymentPostprocessing = 0;
		};
		590FA8522DF4889E00FCC837 /* Sources */ = {
			isa = PBXSourcesBuildPhase;
			buildActionMask = 2147483647;
			files = (
			);
			runOnlyForDeploymentPostprocessing = 0;
		};
/* End PBXSourcesBuildPhase section */

/* Begin PBXTargetDependency section */
		590FA84E2DF4889E00FCC837 /* PBXTargetDependency */ = {
			isa = PBXTargetDependency;
			target = 590FA83E2DF4889C00FCC837 /* HikingSurvey */;
			targetProxy = 590FA84D2DF4889E00FCC837 /* PBXContainerItemProxy */;
		};
		590FA8582DF4889E00FCC837 /* PBXTargetDependency */ = {
			isa = PBXTargetDependency;
			target = 590FA83E2DF4889C00FCC837 /* HikingSurvey */;
			targetProxy = 590FA8572DF4889E00FCC837 /* PBXContainerItemProxy */;
		};
/* End PBXTargetDependency section */

/* Begin XCBuildConfiguration section */
		590FA85E2DF4889E00FCC837 /* Debug */ = {
			isa = XCBuildConfiguration;
			buildSettings = {
				ALWAYS_SEARCH_USER_PATHS = NO;
				ASSETCATALOG_COMPILER_GENERATE_SWIFT_ASSET_SYMBOL_EXTENSIONS = YES;
				CLANG_ANALYZER_NONNULL = YES;
				CLANG_ANALYZER_NUMBER_OBJECT_CONVERSION = YES_AGGRESSIVE;
				CLANG_CXX_LANGUAGE_STANDARD = "gnu++20";
				CLANG_ENABLE_MODULES = YES;
				CLANG_ENABLE_OBJC_ARC = YES;
				CLANG_ENABLE_OBJC_WEAK = YES;
				CLANG_WARN_BLOCK_CAPTURE_AUTORELEASING = YES;
				CLANG_WARN_BOOL_CONVERSION = YES;
				CLANG_WARN_COMMA = YES;
				CLANG_WARN_CONSTANT_CONVERSION = YES;
				CLANG_WARN_DEPRECATED_OBJC_IMPLEMENTATIONS = YES;
				CLANG_WARN_DIRECT_OBJC_ISA_USAGE = YES_ERROR;
				CLANG_WARN_DOCUMENTATION_COMMENTS = YES;
				CLANG_WARN_EMPTY_BODY = YES;
				CLANG_WARN_ENUM_CONVERSION = YES;
				CLANG_WARN_INFINITE_RECURSION = YES;
				CLANG_WARN_INT_CONVERSION = YES;
				CLANG_WARN_NON_LITERAL_NULL_CONVERSION = YES;
				CLANG_WARN_OBJC_IMPLICIT_RETAIN_SELF = YES;
				CLANG_WARN_OBJC_LITERAL_CONVERSION = YES;
				CLANG_WARN_OBJC_ROOT_CLASS = YES_ERROR;
				CLANG_WARN_QUOTED_INCLUDE_IN_FRAMEWORK_HEADER = YES;
				CLANG_WARN_RANGE_LOOP_ANALYSIS = YES;
				CLANG_WARN_STRICT_PROTOTYPES = YES;
				CLANG_WARN_SUSPICIOUS_MOVE = YES;
				CLANG_WARN_UNGUARDED_AVAILABILITY = YES_AGGRESSIVE;
				CLANG_WARN_UNREACHABLE_CODE = YES;
				CLANG_WARN__DUPLICATE_METHOD_MATCH = YES;
				COPY_PHASE_STRIP = NO;
				DEBUG_INFORMATION_FORMAT = dwarf;
				ENABLE_STRICT_OBJC_MSGSEND = YES;
				ENABLE_TESTABILITY = YES;
				ENABLE_USER_SCRIPT_SANDBOXING = YES;
				GCC_C_LANGUAGE_STANDARD = gnu17;
				GCC_DYNAMIC_NO_PIC = NO;
				GCC_NO_COMMON_BLOCKS = YES;
				GCC_OPTIMIZATION_LEVEL = 0;
				GCC_PREPROCESSOR_DEFINITIONS = (
					"DEBUG=1",
					"$(inherited)",
				);
				GCC_WARN_64_TO_32_BIT_CONVERSION = YES;
				GCC_WARN_ABOUT_RETURN_TYPE = YES_ERROR;
				GCC_WARN_UNDECLARED_SELECTOR = YES;
				GCC_WARN_UNINITIALIZED_AUTOS = YES_AGGRESSIVE;
				GCC_WARN_UNUSED_FUNCTION = YES;
				GCC_WARN_UNUSED_VARIABLE = YES;
				IPHONEOS_DEPLOYMENT_TARGET = 18.5;
				LOCALIZATION_PREFERS_STRING_CATALOGS = YES;
				MTL_ENABLE_DEBUG_INFO = INCLUDE_SOURCE;
				MTL_FAST_MATH = YES;
				ONLY_ACTIVE_ARCH = YES;
				SDKROOT = iphoneos;
				SWIFT_ACTIVE_COMPILATION_CONDITIONS = "DEBUG $(inherited)";
				SWIFT_OPTIMIZATION_LEVEL = "-Onone";
			};
			name = Debug;
		};
		590FA85F2DF4889E00FCC837 /* Release */ = {
			isa = XCBuildConfiguration;
			buildSettings = {
				ALWAYS_SEARCH_USER_PATHS = NO;
				ASSETCATALOG_COMPILER_GENERATE_SWIFT_ASSET_SYMBOL_EXTENSIONS = YES;
				CLANG_ANALYZER_NONNULL = YES;
				CLANG_ANALYZER_NUMBER_OBJECT_CONVERSION = YES_AGGRESSIVE;
				CLANG_CXX_LANGUAGE_STANDARD = "gnu++20";
				CLANG_ENABLE_MODULES = YES;
				CLANG_ENABLE_OBJC_ARC = YES;
				CLANG_ENABLE_OBJC_WEAK = YES;
				CLANG_WARN_BLOCK_CAPTURE_AUTORELEASING = YES;
				CLANG_WARN_BOOL_CONVERSION = YES;
				CLANG_WARN_COMMA = YES;
				CLANG_WARN_CONSTANT_CONVERSION = YES;
				CLANG_WARN_DEPRECATED_OBJC_IMPLEMENTATIONS = YES;
				CLANG_WARN_DIRECT_OBJC_ISA_USAGE = YES_ERROR;
				CLANG_WARN_DOCUMENTATION_COMMENTS = YES;
				CLANG_WARN_EMPTY_BODY = YES;
				CLANG_WARN_ENUM_CONVERSION = YES;
				CLANG_WARN_INFINITE_RECURSION = YES;
				CLANG_WARN_INT_CONVERSION = YES;
				CLANG_WARN_NON_LITERAL_NULL_CONVERSION = YES;
				CLANG_WARN_OBJC_IMPLICIT_RETAIN_SELF = YES;
				CLANG_WARN_OBJC_LITERAL_CONVERSION = YES;
				CLANG_WARN_OBJC_ROOT_CLASS = YES_ERROR;
				CLANG_WARN_QUOTED_INCLUDE_IN_FRAMEWORK_HEADER = YES;
				CLANG_WARN_RANGE_LOOP_ANALYSIS = YES;
				CLANG_WARN_STRICT_PROTOTYPES = YES;
				CLANG_WARN_SUSPICIOUS_MOVE = YES;
				CLANG_WARN_UNGUARDED_AVAILABILITY = YES_AGGRESSIVE;
				CLANG_WARN_UNREACHABLE_CODE = YES;
				CLANG_WARN__DUPLICATE_METHOD_MATCH = YES;
				COPY_PHASE_STRIP = NO;
				DEBUG_INFORMATION_FORMAT = "dwarf-with-dsym";
				ENABLE_NS_ASSERTIONS = NO;
				ENABLE_STRICT_OBJC_MSGSEND = YES;
				ENABLE_USER_SCRIPT_SANDBOXING = YES;
				GCC_C_LANGUAGE_STANDARD = gnu17;
				GCC_NO_COMMON_BLOCKS = YES;
				GCC_WARN_64_TO_32_BIT_CONVERSION = YES;
				GCC_WARN_ABOUT_RETURN_TYPE = YES_ERROR;
				GCC_WARN_UNDECLARED_SELECTOR = YES;
				GCC_WARN_UNINITIALIZED_AUTOS = YES_AGGRESSIVE;
				GCC_WARN_UNUSED_FUNCTION = YES;
				GCC_WARN_UNUSED_VARIABLE = YES;
				IPHONEOS_DEPLOYMENT_TARGET = 18.5;
				LOCALIZATION_PREFERS_STRING_CATALOGS = YES;
				MTL_ENABLE_DEBUG_INFO = NO;
				MTL_FAST_MATH = YES;
				SDKROOT = iphoneos;
				SWIFT_COMPILATION_MODE = wholemodule;
				VALIDATE_PRODUCT = YES;
			};
			name = Release;
		};
		590FA8612DF4889E00FCC837 /* Debug */ = {
			isa = XCBuildConfiguration;
			buildSettings = {
				ASSETCATALOG_COMPILER_APPICON_NAME = AppIcon;
				ASSETCATALOG_COMPILER_GLOBAL_ACCENT_COLOR_NAME = AccentColor;
				CODE_SIGN_STYLE = Automatic;
				CURRENT_PROJECT_VERSION = 1;
				ENABLE_PREVIEWS = YES;
				GENERATE_INFOPLIST_FILE = YES;
				INFOPLIST_KEY_UIApplicationSceneManifest_Generation = YES;
				INFOPLIST_KEY_UIApplicationSupportsIndirectInputEvents = YES;
				INFOPLIST_KEY_UILaunchScreen_Generation = YES;
				INFOPLIST_KEY_UISupportedInterfaceOrientations_iPad = "UIInterfaceOrientationPortrait UIInterfaceOrientationPortraitUpsideDown UIInterfaceOrientationLandscapeLeft UIInterfaceOrientationLandscapeRight";
				INFOPLIST_KEY_UISupportedInterfaceOrientations_iPhone = "UIInterfaceOrientationPortrait UIInterfaceOrientationLandscapeLeft UIInterfaceOrientationLandscapeRight";
				IPHONEOS_DEPLOYMENT_TARGET = 18.0;
				LD_RUNPATH_SEARCH_PATHS = (
					"$(inherited)",
					"@executable_path/Frameworks",
				);
				MARKETING_VERSION = 1.0;
				PRODUCT_BUNDLE_IDENTIFIER = com.royan.myiosapps.HikingSurvey;
				PRODUCT_NAME = "$(TARGET_NAME)";
				SWIFT_EMIT_LOC_STRINGS = YES;
				SWIFT_VERSION = 5.0;
				TARGETED_DEVICE_FAMILY = "1,2";
			};
			name = Debug;
		};
		590FA8622DF4889E00FCC837 /* Release */ = {
			isa = XCBuildConfiguration;
			buildSettings = {
				ASSETCATALOG_COMPILER_APPICON_NAME = AppIcon;
				ASSETCATALOG_COMPILER_GLOBAL_ACCENT_COLOR_NAME = AccentColor;
				CODE_SIGN_STYLE = Automatic;
				CURRENT_PROJECT_VERSION = 1;
				ENABLE_PREVIEWS = YES;
				GENERATE_INFOPLIST_FILE = YES;
				INFOPLIST_KEY_UIApplicationSceneManifest_Generation = YES;
				INFOPLIST_KEY_UIApplicationSupportsIndirectInputEvents = YES;
				INFOPLIST_KEY_UILaunchScreen_Generation = YES;
				INFOPLIST_KEY_UISupportedInterfaceOrientations_iPad = "UIInterfaceOrientationPortrait UIInterfaceOrientationPortraitUpsideDown UIInterfaceOrientationLandscapeLeft UIInterfaceOrientationLandscapeRight";
				INFOPLIST_KEY_UISupportedInterfaceOrientations_iPhone = "UIInterfaceOrientationPortrait UIInterfaceOrientationLandscapeLeft UIInterfaceOrientationLandscapeRight";
				IPHONEOS_DEPLOYMENT_TARGET = 18.0;
				LD_RUNPATH_SEARCH_PATHS = (
					"$(inherited)",
					"@executable_path/Frameworks",
				);
				MARKETING_VERSION = 1.0;
				PRODUCT_BUNDLE_IDENTIFIER = com.royan.myiosapps.HikingSurvey;
				PRODUCT_NAME = "$(TARGET_NAME)";
				SWIFT_EMIT_LOC_STRINGS = YES;
				SWIFT_VERSION = 5.0;
				TARGETED_DEVICE_FAMILY = "1,2";
			};
			name = Release;
		};
		590FA8642DF4889E00FCC837 /* Debug */ = {
			isa = XCBuildConfiguration;
			buildSettings = {
				BUNDLE_LOADER = "$(TEST_HOST)";
				CODE_SIGN_STYLE = Automatic;
				CURRENT_PROJECT_VERSION = 1;
				GENERATE_INFOPLIST_FILE = YES;
				IPHONEOS_DEPLOYMENT_TARGET = 18.5;
				MARKETING_VERSION = 1.0;
				PRODUCT_BUNDLE_IDENTIFIER = com.royan.myiosapps.HikingSurveyTests;
				PRODUCT_NAME = "$(TARGET_NAME)";
				SWIFT_EMIT_LOC_STRINGS = NO;
				SWIFT_VERSION = 5.0;
				TARGETED_DEVICE_FAMILY = "1,2";
				TEST_HOST = "$(BUILT_PRODUCTS_DIR)/HikingSurvey.app/$(BUNDLE_EXECUTABLE_FOLDER_PATH)/HikingSurvey";
			};
			name = Debug;
		};
		590FA8652DF4889E00FCC837 /* Release */ = {
			isa = XCBuildConfiguration;
			buildSettings = {
				BUNDLE_LOADER = "$(TEST_HOST)";
				CODE_SIGN_STYLE = Automatic;
				CURRENT_PROJECT_VERSION = 1;
				GENERATE_INFOPLIST_FILE = YES;
				IPHONEOS_DEPLOYMENT_TARGET = 18.5;
				MARKETING_VERSION = 1.0;
				PRODUCT_BUNDLE_IDENTIFIER = com.royan.myiosapps.HikingSurveyTests;
				PRODUCT_NAME = "$(TARGET_NAME)";
				SWIFT_EMIT_LOC_STRINGS = NO;
				SWIFT_VERSION = 5.0;
				TARGETED_DEVICE_FAMILY = "1,2";
				TEST_HOST = "$(BUILT_PRODUCTS_DIR)/HikingSurvey.app/$(BUNDLE_EXECUTABLE_FOLDER_PATH)/HikingSurvey";
			};
			name = Release;
		};
		590FA8672DF4889E00FCC837 /* Debug */ = {
			isa = XCBuildConfiguration;
			buildSettings = {
				CODE_SIGN_STYLE = Automatic;
				CURRENT_PROJECT_VERSION = 1;
				GENERATE_INFOPLIST_FILE = YES;
				MARKETING_VERSION = 1.0;
				PRODUCT_BUNDLE_IDENTIFIER = com.royan.myiosapps.HikingSurveyUITests;
				PRODUCT_NAME = "$(TARGET_NAME)";
				SWIFT_EMIT_LOC_STRINGS = NO;
				SWIFT_VERSION = 5.0;
				TARGETED_DEVICE_FAMILY = "1,2";
				TEST_TARGET_NAME = HikingSurvey;
			};
			name = Debug;
		};
		590FA8682DF4889E00FCC837 /* Release */ = {
			isa = XCBuildConfiguration;
			buildSettings = {
				CODE_SIGN_STYLE = Automatic;
				CURRENT_PROJECT_VERSION = 1;
				GENERATE_INFOPLIST_FILE = YES;
				MARKETING_VERSION = 1.0;
				PRODUCT_BUNDLE_IDENTIFIER = com.royan.myiosapps.HikingSurveyUITests;
				PRODUCT_NAME = "$(TARGET_NAME)";
				SWIFT_EMIT_LOC_STRINGS = NO;
				SWIFT_VERSION = 5.0;
				TARGETED_DEVICE_FAMILY = "1,2";
				TEST_TARGET_NAME = HikingSurvey;
			};
			name = Release;
		};
/* End XCBuildConfiguration section */

/* Begin XCConfigurationList section */
		590FA83A2DF4889C00FCC837 /* Build configuration list for PBXProject "HikingSurvey" */ = {
			isa = XCConfigurationList;
			buildConfigurations = (
				590FA85E2DF4889E00FCC837 /* Debug */,
				590FA85F2DF4889E00FCC837 /* Release */,
			);
			defaultConfigurationIsVisible = 0;
			defaultConfigurationName = Release;
		};
		590FA8602DF4889E00FCC837 /* Build configuration list for PBXNativeTarget "HikingSurvey" */ = {
			isa = XCConfigurationList;
			buildConfigurations = (
				590FA8612DF4889E00FCC837 /* Debug */,
				590FA8622DF4889E00FCC837 /* Release */,
			);
			defaultConfigurationIsVisible = 0;
			defaultConfigurationName = Release;
		};
		590FA8632DF4889E00FCC837 /* Build configuration list for PBXNativeTarget "HikingSurveyTests" */ = {
			isa = XCConfigurationList;
			buildConfigurations = (
				590FA8642DF4889E00FCC837 /* Debug */,
				590FA8652DF4889E00FCC837 /* Release */,
			);
			defaultConfigurationIsVisible = 0;
			defaultConfigurationName = Release;
		};
		590FA8662DF4889E00FCC837 /* Build configuration list for PBXNativeTarget "HikingSurveyUITests" */ = {
			isa = XCConfigurationList;
			buildConfigurations = (
				590FA8672DF4889E00FCC837 /* Debug */,
				590FA8682DF4889E00FCC837 /* Release */,
			);
			defaultConfigurationIsVisible = 0;
			defaultConfigurationName = Release;
		};
/* End XCConfigurationList section */
	};
	rootObject = 590FA8372DF4889C00FCC837 /* Project object */;
}
